
Microsoft Visual Studio Solution File, Format Version 12.00
# Visual Studio Version 17
VisualStudioVersion = 17.7.34031.279
MinimumVisualStudioVersion = 10.0.40219.1
Project("{FAE04EC0-301F-11D3-BF4B-00C04F79EFBC}") = "Desafio-8", "Desafio-8\Desafio-8.csproj", "{C10FB8E4-FF71-4DE9-AFB3-CDD1FB236AF4}"
EndProject
Global
	GlobalSection(SolutionConfigurationPlatforms) = preSolution
		Debug|Any CPU = Debug|Any CPU
		Release|Any CPU = Release|Any CPU
	EndGlobalSection
	GlobalSection(ProjectConfigurationPlatforms) = postSolution
		{C10FB8E4-FF71-4DE9-AFB3-CDD1FB236AF4}.Debug|Any CPU.ActiveCfg = Debug|Any CPU
		{C10FB8E4-FF71-4DE9-AFB3-CDD1FB236AF4}.Debug|Any CPU.Build.0 = Debug|Any CPU
		{C10FB8E4-FF71-4DE9-AFB3-CDD1FB236AF4}.Release|Any CPU.ActiveCfg = Release|Any CPU
		{C10FB8E4-FF71-4DE9-AFB3-CDD1FB236AF4}.Release|Any CPU.Build.0 = Release|Any CPU
	EndGlobalSection
	GlobalSection(SolutionProperties) = preSolution
		HideSolutionNode = FALSE
	EndGlobalSection
	GlobalSection(ExtensibilityGlobals) = postSolution
		SolutionGuid = {8BE82504-6A6F-49D9-A38E-ABD003FC255E}
	EndGlobalSection
EndGlobal
