
Microsoft Visual Studio Solution File, Format Version 12.00
# Visual Studio Version 17
VisualStudioVersion = 17.7.34031.279
MinimumVisualStudioVersion = 10.0.40219.1
Project("{FAE04EC0-301F-11D3-BF4B-00C04F79EFBC}") = "Desafio17-3", "Desafio17-3\Desafio17-3.csproj", "{0C1DAF91-4639-4201-A7AC-C251620018EA}"
EndProject
Global
	GlobalSection(SolutionConfigurationPlatforms) = preSolution
		Debug|Any CPU = Debug|Any CPU
		Release|Any CPU = Release|Any CPU
	EndGlobalSection
	GlobalSection(ProjectConfigurationPlatforms) = postSolution
		{0C1DAF91-4639-4201-A7AC-C251620018EA}.Debug|Any CPU.ActiveCfg = Debug|Any CPU
		{0C1DAF91-4639-4201-A7AC-C251620018EA}.Debug|Any CPU.Build.0 = Debug|Any CPU
		{0C1DAF91-4639-4201-A7AC-C251620018EA}.Release|Any CPU.ActiveCfg = Release|Any CPU
		{0C1DAF91-4639-4201-A7AC-C251620018EA}.Release|Any CPU.Build.0 = Release|Any CPU
	EndGlobalSection
	GlobalSection(SolutionProperties) = preSolution
		HideSolutionNode = FALSE
	EndGlobalSection
	GlobalSection(ExtensibilityGlobals) = postSolution
		SolutionGuid = {73E95632-92DA-4A22-AABF-826D3140F14C}
	EndGlobalSection
EndGlobal
